
Microsoft Visual Studio Solution File, Format Version 12.00
# Visual Studio Version 17
VisualStudioVersion = 17.14.36511.14
MinimumVisualStudioVersion = 10.0.40219.1
Project("{FAE04EC0-301F-11D3-BF4B-00C04F79EFBC}") = "AS_Gui", "AS_Gui.csproj", "{F318916F-33B8-4F66-8538-46FB764CFC1C}"
EndProject
Global
	GlobalSection(SolutionConfigurationPlatforms) = preSolution
		Debug|Any CPU = Debug|Any CPU
		Release|Any CPU = Release|Any CPU
	EndGlobalSection
	GlobalSection(ProjectConfigurationPlatforms) = postSolution
		{F318916F-33B8-4F66-8538-46FB764CFC1C}.Debug|Any CPU.ActiveCfg = Debug|Any CPU
		{F318916F-33B8-4F66-8538-46FB764CFC1C}.Debug|Any CPU.Build.0 = Debug|Any CPU
		{F318916F-33B8-4F66-8538-46FB764CFC1C}.Release|Any CPU.ActiveCfg = Release|Any CPU
		{F318916F-33B8-4F66-8538-46FB764CFC1C}.Release|Any CPU.Build.0 = Release|Any CPU
	EndGlobalSection
	GlobalSection(SolutionProperties) = preSolution
		HideSolutionNode = FALSE
	EndGlobalSection
	GlobalSection(ExtensibilityGlobals) = postSolution
		SolutionGuid = {8B42D755-A157-48AF-B129-7170BE5BD206}
	EndGlobalSection
EndGlobal
